
Microsoft Visual Studio Solution File, Format Version 12.00
# Visual Studio Version 16
VisualStudioVersion = 16.0.30717.126
MinimumVisualStudioVersion = 10.0.40219.1
Project("{FAE04EC0-301F-11D3-BF4B-00C04F79EFBC}") = "memomemo", "memomemo\memomemo.csproj", "{2C2B805C-8075-4556-B6EB-15616A5537F3}"
EndProject
Global
	GlobalSection(SolutionConfigurationPlatforms) = preSolution
		Debug|Any CPU = Debug|Any CPU
		Release|Any CPU = Release|Any CPU
	EndGlobalSection
	GlobalSection(ProjectConfigurationPlatforms) = postSolution
		{2C2B805C-8075-4556-B6EB-15616A5537F3}.Debug|Any CPU.ActiveCfg = Debug|Any CPU
		{2C2B805C-8075-4556-B6EB-15616A5537F3}.Debug|Any CPU.Build.0 = Debug|Any CPU
		{2C2B805C-8075-4556-B6EB-15616A5537F3}.Release|Any CPU.ActiveCfg = Release|Any CPU
		{2C2B805C-8075-4556-B6EB-15616A5537F3}.Release|Any CPU.Build.0 = Release|Any CPU
	EndGlobalSection
	GlobalSection(SolutionProperties) = preSolution
		HideSolutionNode = FALSE
	EndGlobalSection
	GlobalSection(ExtensibilityGlobals) = postSolution
		SolutionGuid = {A959FA46-B644-4583-8A48-998637F1315D}
	EndGlobalSection
EndGlobal
